
Microsoft Visual Studio Solution File, Format Version 12.00
# Visual Studio Version 17
VisualStudioVersion = 17.13.35931.197
MinimumVisualStudioVersion = 10.0.40219.1
Project("{FAE04EC0-301F-11D3-BF4B-00C04F79EFBC}") = "InventoryManager.API", "InventoryManager.API\InventoryManager.API.csproj", "{16D0B3FA-F8EB-42AE-A4F6-CEECF3C8E3DB}"
EndProject
Project("{FAE04EC0-301F-11D3-BF4B-00C04F79EFBC}") = "InventoryManager.Tests", "InventoryManager.Tests\InventoryManager.Tests.csproj", "{DAA70A22-AE73-4CA1-9353-8D2AA4D562A5}"
EndProject
Global
	GlobalSection(SolutionConfigurationPlatforms) = preSolution
		Debug|Any CPU = Debug|Any CPU
		Release|Any CPU = Release|Any CPU
	EndGlobalSection
	GlobalSection(ProjectConfigurationPlatforms) = postSolution
		{16D0B3FA-F8EB-42AE-A4F6-CEECF3C8E3DB}.Debug|Any CPU.ActiveCfg = Debug|Any CPU
		{16D0B3FA-F8EB-42AE-A4F6-CEECF3C8E3DB}.Debug|Any CPU.Build.0 = Debug|Any CPU
		{16D0B3FA-F8EB-42AE-A4F6-CEECF3C8E3DB}.Release|Any CPU.ActiveCfg = Release|Any CPU
		{16D0B3FA-F8EB-42AE-A4F6-CEECF3C8E3DB}.Release|Any CPU.Build.0 = Release|Any CPU
		{DAA70A22-AE73-4CA1-9353-8D2AA4D562A5}.Debug|Any CPU.ActiveCfg = Debug|Any CPU
		{DAA70A22-AE73-4CA1-9353-8D2AA4D562A5}.Debug|Any CPU.Build.0 = Debug|Any CPU
		{DAA70A22-AE73-4CA1-9353-8D2AA4D562A5}.Release|Any CPU.ActiveCfg = Release|Any CPU
		{DAA70A22-AE73-4CA1-9353-8D2AA4D562A5}.Release|Any CPU.Build.0 = Release|Any CPU
	EndGlobalSection
	GlobalSection(SolutionProperties) = preSolution
		HideSolutionNode = FALSE
	EndGlobalSection
	GlobalSection(ExtensibilityGlobals) = postSolution
		SolutionGuid = {237FD92F-F21B-404B-9595-AAA1705CBA4C}
	EndGlobalSection
EndGlobal
